# THIS IS AN AUTOGENERATED FILE. DO NOT EDIT THIS FILE DIRECTLY.
# yarn lockfile v1


"@admin-bro/sequelize@^1.2.1":
  version "1.2.1"
  resolved "https://registry.yarnpkg.com/@admin-bro/sequelize/-/sequelize-1.2.1.tgz#8a6d986577bc113dbf3b0feaebd1075051b490ef"
  integrity sha512-Y4bmdogZTtB1V34g3d+sYUSowLHNV8I9k0Q+kmuhmTVF10xaUPGQ+y0XODsf0Dni/69QMIjNqO/Z73MhAHlVKg==
  dependencies:
    escape-regexp "0.0.1"
    flat "^5.0.0"

escape-regexp@0.0.1:
  version "0.0.1"
  resolved "https://registry.yarnpkg.com/escape-regexp/-/escape-regexp-0.0.1.tgz#f44bda12d45bbdf9cb7f862ee7e4827b3dd32254"
  integrity sha1-9EvaEtRbvfnLf4Yu5+SCez3TIlQ=

flat@^5.0.0:
  version "5.0.2"
  resolved "https://registry.yarnpkg.com/flat/-/flat-5.0.2.tgz#8ca6fe332069ffa9d324c327198c598259ceb241"
  integrity sha512-b6suED+5/3rTpUBdG1gupIl8MPFCAMA0QXwmljLhvCUKcUvdE4gWky9zpuGCcXHOsz4J9wPGNWq6OKpmIzz3hQ==
